
Microsoft Visual Studio Solution File, Format Version 12.00
# Visual Studio Version 17
VisualStudioVersion = 17.5.2.0
MinimumVisualStudioVersion = 10.0.40219.1
Project("{FAE04EC0-301F-11D3-BF4B-00C04F79EFBC}") = "tsqllint-plugin", "tsqllint-plugin\tsqllint-plugin.csproj", "{D3A56BF3-EA18-44A1-2F31-E1959404C6AD}"
EndProject
Project("{FAE04EC0-301F-11D3-BF4B-00C04F79EFBC}") = "tsqllint-plugin.Tests", "tsqllint-plugin.Tests\tsqllint-plugin.Tests.csproj", "{3E6B54AB-B28D-42FF-BB2D-ACC6597922EC}"
EndProject
Global
	GlobalSection(SolutionConfigurationPlatforms) = preSolution
		Debug|Any CPU = Debug|Any CPU
		Debug|x64 = Debug|x64
		Debug|x86 = Debug|x86
		Release|Any CPU = Release|Any CPU
		Release|x64 = Release|x64
		Release|x86 = Release|x86
	EndGlobalSection
	GlobalSection(ProjectConfigurationPlatforms) = postSolution
		{D3A56BF3-EA18-44A1-2F31-E1959404C6AD}.Debug|Any CPU.ActiveCfg = Debug|Any CPU
		{D3A56BF3-EA18-44A1-2F31-E1959404C6AD}.Debug|Any CPU.Build.0 = Debug|Any CPU
		{D3A56BF3-EA18-44A1-2F31-E1959404C6AD}.Debug|x64.ActiveCfg = Debug|Any CPU
		{D3A56BF3-EA18-44A1-2F31-E1959404C6AD}.Debug|x64.Build.0 = Debug|Any CPU
		{D3A56BF3-EA18-44A1-2F31-E1959404C6AD}.Debug|x86.ActiveCfg = Debug|Any CPU
		{D3A56BF3-EA18-44A1-2F31-E1959404C6AD}.Debug|x86.Build.0 = Debug|Any CPU
		{D3A56BF3-EA18-44A1-2F31-E1959404C6AD}.Release|Any CPU.ActiveCfg = Release|Any CPU
		{D3A56BF3-EA18-44A1-2F31-E1959404C6AD}.Release|Any CPU.Build.0 = Release|Any CPU
		{D3A56BF3-EA18-44A1-2F31-E1959404C6AD}.Release|x64.ActiveCfg = Release|Any CPU
		{D3A56BF3-EA18-44A1-2F31-E1959404C6AD}.Release|x64.Build.0 = Release|Any CPU
		{D3A56BF3-EA18-44A1-2F31-E1959404C6AD}.Release|x86.ActiveCfg = Release|Any CPU
		{D3A56BF3-EA18-44A1-2F31-E1959404C6AD}.Release|x86.Build.0 = Release|Any CPU
		{3E6B54AB-B28D-42FF-BB2D-ACC6597922EC}.Debug|Any CPU.ActiveCfg = Debug|Any CPU
		{3E6B54AB-B28D-42FF-BB2D-ACC6597922EC}.Debug|Any CPU.Build.0 = Debug|Any CPU
		{3E6B54AB-B28D-42FF-BB2D-ACC6597922EC}.Debug|x64.ActiveCfg = Debug|Any CPU
		{3E6B54AB-B28D-42FF-BB2D-ACC6597922EC}.Debug|x64.Build.0 = Debug|Any CPU
		{3E6B54AB-B28D-42FF-BB2D-ACC6597922EC}.Debug|x86.ActiveCfg = Debug|Any CPU
		{3E6B54AB-B28D-42FF-BB2D-ACC6597922EC}.Debug|x86.Build.0 = Debug|Any CPU
		{3E6B54AB-B28D-42FF-BB2D-ACC6597922EC}.Release|Any CPU.ActiveCfg = Release|Any CPU
		{3E6B54AB-B28D-42FF-BB2D-ACC6597922EC}.Release|Any CPU.Build.0 = Release|Any CPU
		{3E6B54AB-B28D-42FF-BB2D-ACC6597922EC}.Release|x64.ActiveCfg = Release|Any CPU
		{3E6B54AB-B28D-42FF-BB2D-ACC6597922EC}.Release|x64.Build.0 = Release|Any CPU
		{3E6B54AB-B28D-42FF-BB2D-ACC6597922EC}.Release|x86.ActiveCfg = Release|Any CPU
		{3E6B54AB-B28D-42FF-BB2D-ACC6597922EC}.Release|x86.Build.0 = Release|Any CPU
	EndGlobalSection
	GlobalSection(SolutionProperties) = preSolution
		HideSolutionNode = FALSE
	EndGlobalSection
	GlobalSection(ExtensibilityGlobals) = postSolution
		SolutionGuid = {B5EB67DA-E06F-4E25-B33E-D5DFC67385E4}
	EndGlobalSection
EndGlobal
